<?xml version="1.0" encoding="utf-8"?>
<Project ToolsVersion="4.0" xmlns="http://schemas.microsoft.com/developer/msbuild/2003">
  <ItemGroup>
    <Filter Include="Source Files">
      <UniqueIdentifier>{4FC737F1-C7A5-4376-A066-2A32D752A2FF}</UniqueIdentifier>
      <Extensions>cpp;c;cc;cxx;def;odl;idl;hpj;bat;asm;asmx</Extensions>
    </Filter>
    <Filter Include="Header Files">
      <UniqueIdentifier>{93995380-89BD-4b04-88EB-625FBE52EBFB}</UniqueIdentifier>
      <Extensions>h;hpp;hxx;hm;inl;inc;xsd</Extensions>
    </Filter>
    <Filter Include="Resource Files">
      <UniqueIdentifier>{67DA6AB6-F800-4c08-8B7A-83BB121AAD01}</UniqueIdentifier>
      <Extensions>rc;ico;cur;bmp;dlg;rc2;rct;bin;rgs;gif;jpg;jpeg;jpe;resx;tiff;tif;png;wav;mfcribbon-ms</Extensions>
    </Filter>
    <Filter Include="Header Files\Engine">
      <UniqueIdentifier>{2ecc0835-94cd-49cb-8bc7-f1659627b2a1}</UniqueIdentifier>
    </Filter>
    <Filter Include="Source Files\Engine">
      <UniqueIdentifier>{01495b59-0eed-45df-836c-98de9c05df82}</UniqueIdentifier>
    </Filter>
    <Filter Include="Source Files\Engine\Libs">
      <UniqueIdentifier>{dbee3eb2-de2f-494b-b916-74215e8d28dc}</UniqueIdentifier>
    </Filter>
    <Filter Include="Source Files\Engine\Libs\stbImage">
      <UniqueIdentifier>{cc3993c7-070e-4266-af00-3bf7dc516435}</UniqueIdentifier>
    </Filter>
    <Filter Include="Header Files\Engine\Libs">
      <UniqueIdentifier>{42a1ad85-f99a-4248-b621-d3c27c4f9e39}</UniqueIdentifier>
    </Filter>
    <Filter Include="Source Files\Engine\GUI Component">
      <UniqueIdentifier>{bf6964ff-64cf-491b-b122-9980ffc633da}</UniqueIdentifier>
    </Filter>
    <Filter Include="Header Files\Engine\GUI Component">
      <UniqueIdentifier>{819507ce-aea5-43df-9406-60abf0a9f656}</UniqueIdentifier>
    </Filter>
  </ItemGroup>
  <ItemGroup>
    <ClCompile Include="main.cpp">
      <Filter>Source Files</Filter>
    </ClCompile>
    <ClCompile Include="stbImage.cpp">
      <Filter>Source Files\Engine\Libs\stbImage</Filter>
    </ClCompile>
    <ClCompile Include="GraphicsCore.cpp">
      <Filter>Source Files\Engine</Filter>
    </ClCompile>
    <ClCompile Include="Image.cpp">
      <Filter>Source Files\Engine</Filter>
    </ClCompile>
    <ClCompile Include="Collision.cpp">
      <Filter>Source Files\Engine</Filter>
    </ClCompile>
    <ClCompile Include="vector2.cpp">
      <Filter>Source Files\Engine</Filter>
    </ClCompile>
    <ClCompile Include="Input.cpp">
      <Filter>Source Files\Engine</Filter>
    </ClCompile>
    <ClCompile Include="timer.cpp">
      <Filter>Source Files\Engine</Filter>
    </ClCompile>
    <ClCompile Include="StartEngine.cpp">
      <Filter>Source Files\Engine</Filter>
    </ClCompile>
    <ClCompile Include="Animation.cpp">
      <Filter>Source Files\Engine</Filter>
    </ClCompile>
    <ClCompile Include="JPS.cpp">
      <Filter>Source Files\Engine</Filter>
    </ClCompile>
    <ClCompile Include="RayIntersection.cpp">
      <Filter>Source Files\Engine</Filter>
    </ClCompile>
    <ClCompile Include="Network.cpp">
      <Filter>Source Files\Engine</Filter>
    </ClCompile>
    <ClCompile Include="MT_RandomGenerator.cpp">
      <Filter>Source Files\Engine</Filter>
    </ClCompile>
    <ClCompile Include="FrameCountTimer.cpp">
      <Filter>Source Files\Engine</Filter>
    </ClCompile>
    <ClCompile Include="AStar.cpp">
      <Filter>Source Files\Engine</Filter>
    </ClCompile>
    <ClCompile Include="GuiComponent.cpp">
      <Filter>Source Files\Engine\GUI Component</Filter>
    </ClCompile>
    <ClCompile Include="VirtualCursor.cpp">
      <Filter>Source Files\Engine</Filter>
    </ClCompile>
    <ClCompile Include="stringExtension.cpp">
      <Filter>Source Files\Engine\Libs</Filter>
    </ClCompile>
    <ClCompile Include="Button.cpp">
      <Filter>Source Files\Engine\GUI Component</Filter>
    </ClCompile>
    <ClCompile Include="CheckBox.cpp">
      <Filter>Source Files\Engine\GUI Component</Filter>
    </ClCompile>
    <ClCompile Include="Spinner.cpp">
      <Filter>Source Files\Engine\GUI Component</Filter>
    </ClCompile>
    <ClCompile Include="TextBox.cpp">
      <Filter>Source Files\Engine\GUI Component</Filter>
    </ClCompile>
    <ClCompile Include="VariableSizeFont.cpp">
      <Filter>Source Files\Engine</Filter>
    </ClCompile>
    <ClCompile Include="CrossPlatformSleep.cpp">
      <Filter>Source Files\Engine</Filter>
    </ClCompile>
    <ClCompile Include="GraphRenderer.cpp">
      <Filter>Source Files</Filter>
    </ClCompile>
  </ItemGroup>
  <ItemGroup>
    <ClInclude Include="declarations.h">
      <Filter>Header Files</Filter>
    </ClInclude>
    <ClInclude Include="GraphicsCore.h">
      <Filter>Header Files\Engine</Filter>
    </ClInclude>
    <ClInclude Include="Image.h">
      <Filter>Header Files\Engine</Filter>
    </ClInclude>
    <ClInclude Include="GameException.h">
      <Filter>Header Files</Filter>
    </ClInclude>
    <ClInclude Include="Collision.h">
      <Filter>Header Files\Engine</Filter>
    </ClInclude>
    <ClInclude Include="vector2.h">
      <Filter>Header Files\Engine</Filter>
    </ClInclude>
    <ClInclude Include="Input.h">
      <Filter>Header Files\Engine</Filter>
    </ClInclude>
    <ClInclude Include="timer.h">
      <Filter>Header Files\Engine</Filter>
    </ClInclude>
    <ClInclude Include="build.h">
      <Filter>Header Files</Filter>
    </ClInclude>
    <ClInclude Include="StartEngine.h">
      <Filter>Header Files\Engine</Filter>
    </ClInclude>
    <ClInclude Include="BoundingBox.h">
      <Filter>Header Files\Engine</Filter>
    </ClInclude>
    <ClInclude Include="Animation.h">
      <Filter>Header Files\Engine</Filter>
    </ClInclude>
    <ClInclude Include="NonInteractiveObject.h">
      <Filter>Header Files\Engine</Filter>
    </ClInclude>
    <ClInclude Include="JPS.h">
      <Filter>Header Files\Engine</Filter>
    </ClInclude>
    <ClInclude Include="Grid.h">
      <Filter>Header Files\Engine</Filter>
    </ClInclude>
    <ClInclude Include="DynamicMultidimensionalArray.h">
      <Filter>Header Files\Engine</Filter>
    </ClInclude>
    <ClInclude Include="RayIntersection.h">
      <Filter>Header Files\Engine</Filter>
    </ClInclude>
    <ClInclude Include="Network.h">
      <Filter>Header Files\Engine</Filter>
    </ClInclude>
    <ClInclude Include="DataPackets.h">
      <Filter>Header Files</Filter>
    </ClInclude>
    <ClInclude Include="MT_RandomGenerator.h">
      <Filter>Header Files\Engine</Filter>
    </ClInclude>
    <ClInclude Include="CustomException.h">
      <Filter>Header Files\Engine</Filter>
    </ClInclude>
    <ClInclude Include="SAT_BoundingBox.h">
      <Filter>Header Files\Engine</Filter>
    </ClInclude>
    <ClInclude Include="FrameCountTimer.h">
      <Filter>Header Files\Engine</Filter>
    </ClInclude>
    <ClInclude Include="AStar.h">
      <Filter>Header Files\Engine</Filter>
    </ClInclude>
    <ClInclude Include="GuiComponent.h">
      <Filter>Header Files\Engine\GUI Component</Filter>
    </ClInclude>
    <ClInclude Include="stbImage.h">
      <Filter>Header Files\Engine\Libs</Filter>
    </ClInclude>
    <ClInclude Include="stringExtension.h">
      <Filter>Header Files\Engine\Libs</Filter>
    </ClInclude>
    <ClInclude Include="VirtualCursor.h">
      <Filter>Header Files\Engine</Filter>
    </ClInclude>
    <ClInclude Include="CheckBox.h">
      <Filter>Header Files\Engine\GUI Component</Filter>
    </ClInclude>
    <ClInclude Include="Button.h">
      <Filter>Header Files\Engine\GUI Component</Filter>
    </ClInclude>
    <ClInclude Include="Spinner.h">
      <Filter>Header Files\Engine\GUI Component</Filter>
    </ClInclude>
    <ClInclude Include="TextBox.h">
      <Filter>Header Files\Engine\GUI Component</Filter>
    </ClInclude>
    <ClInclude Include="VariableSizeFont.h">
      <Filter>Header Files\Engine</Filter>
    </ClInclude>
    <ClInclude Include="CrossPlatformSleep.h">
      <Filter>Header Files\Engine</Filter>
    </ClInclude>
    <ClInclude Include="GraphRenderer.h">
      <Filter>Header Files</Filter>
    </ClInclude>
  </ItemGroup>
</Project>